
Microsoft Visual Studio Solution File, Format Version 12.00
# Visual Studio Version 17
VisualStudioVersion = 17.5.33414.496
MinimumVisualStudioVersion = 10.0.40219.1
Project("{FAE04EC0-301F-11D3-BF4B-00C04F79EFBC}") = "BanNikGame", "BanNikGame\BanNikGame.csproj", "{5E5A58E1-4463-4418-8B00-64A34154301B}"
EndProject
Project("{FAE04EC0-301F-11D3-BF4B-00C04F79EFBC}") = "DAL", "DAL\DAL.csproj", "{E0CCAFDF-8180-4BD6-A25F-D2491F0E371B}"
EndProject
Project("{FAE04EC0-301F-11D3-BF4B-00C04F79EFBC}") = "BLL", "BLL\BLL.csproj", "{5B982FEC-512A-4E80-BF0A-5E4B54F0B974}"
EndProject
Project("{FAE04EC0-301F-11D3-BF4B-00C04F79EFBC}") = "Model", "Model\Model.csproj", "{8535BFC8-9900-44A0-8B3D-DC3B014EEC58}"
EndProject
Global
	GlobalSection(SolutionConfigurationPlatforms) = preSolution
		Debug|Any CPU = Debug|Any CPU
		Release|Any CPU = Release|Any CPU
	EndGlobalSection
	GlobalSection(ProjectConfigurationPlatforms) = postSolution
		{5E5A58E1-4463-4418-8B00-64A34154301B}.Debug|Any CPU.ActiveCfg = Debug|Any CPU
		{5E5A58E1-4463-4418-8B00-64A34154301B}.Debug|Any CPU.Build.0 = Debug|Any CPU
		{5E5A58E1-4463-4418-8B00-64A34154301B}.Release|Any CPU.ActiveCfg = Release|Any CPU
		{5E5A58E1-4463-4418-8B00-64A34154301B}.Release|Any CPU.Build.0 = Release|Any CPU
		{E0CCAFDF-8180-4BD6-A25F-D2491F0E371B}.Debug|Any CPU.ActiveCfg = Debug|Any CPU
		{E0CCAFDF-8180-4BD6-A25F-D2491F0E371B}.Debug|Any CPU.Build.0 = Debug|Any CPU
		{E0CCAFDF-8180-4BD6-A25F-D2491F0E371B}.Release|Any CPU.ActiveCfg = Release|Any CPU
		{E0CCAFDF-8180-4BD6-A25F-D2491F0E371B}.Release|Any CPU.Build.0 = Release|Any CPU
		{5B982FEC-512A-4E80-BF0A-5E4B54F0B974}.Debug|Any CPU.ActiveCfg = Debug|Any CPU
		{5B982FEC-512A-4E80-BF0A-5E4B54F0B974}.Debug|Any CPU.Build.0 = Debug|Any CPU
		{5B982FEC-512A-4E80-BF0A-5E4B54F0B974}.Release|Any CPU.ActiveCfg = Release|Any CPU
		{5B982FEC-512A-4E80-BF0A-5E4B54F0B974}.Release|Any CPU.Build.0 = Release|Any CPU
		{8535BFC8-9900-44A0-8B3D-DC3B014EEC58}.Debug|Any CPU.ActiveCfg = Debug|Any CPU
		{8535BFC8-9900-44A0-8B3D-DC3B014EEC58}.Debug|Any CPU.Build.0 = Debug|Any CPU
		{8535BFC8-9900-44A0-8B3D-DC3B014EEC58}.Release|Any CPU.ActiveCfg = Release|Any CPU
		{8535BFC8-9900-44A0-8B3D-DC3B014EEC58}.Release|Any CPU.Build.0 = Release|Any CPU
	EndGlobalSection
	GlobalSection(SolutionProperties) = preSolution
		HideSolutionNode = FALSE
	EndGlobalSection
	GlobalSection(ExtensibilityGlobals) = postSolution
		SolutionGuid = {3CDFB866-B9CE-4435-9B6E-2F37428E0587}
	EndGlobalSection
EndGlobal
